// !$*UTF8*$!
{
	archiveVersion = 1;
	classes = {
	};
	objectVersion = 48;
	objects = {

/* Begin PBXBuildFile section */
		09730338B1755273244605A0 /* Pods_ZirpenTests.framework in Frameworks */ = {isa = PBXBuildFile; fileRef = CAF3B98A48BA2889664F15A9 /* Pods_ZirpenTests.framework */; };
		2E6041F01F871FA900BEFC07 /* HamburgerMenuViewController.swift in Sources */ = {isa = PBXBuildFile; fileRef = 2E6041EF1F871FA900BEFC07 /* HamburgerMenuViewController.swift */; };
		2E6041F21F87211200BEFC07 /* SideMenuViewController.swift in Sources */ = {isa = PBXBuildFile; fileRef = 2E6041F11F87211200BEFC07 /* SideMenuViewController.swift */; };
		2E6041F41F87410400BEFC07 /* ProfileViewController.swift in Sources */ = {isa = PBXBuildFile; fileRef = 2E6041F31F87410400BEFC07 /* ProfileViewController.swift */; };
		2E6041F61F8741B900BEFC07 /* SideMenuCell.swift in Sources */ = {isa = PBXBuildFile; fileRef = 2E6041F51F8741B900BEFC07 /* SideMenuCell.swift */; };
		9048CBB61EA188B129F9649D /* Pods_ZirpenUITests.framework in Frameworks */ = {isa = PBXBuildFile; fileRef = 081191C6668F8A1957502FA6 /* Pods_ZirpenUITests.framework */; };
		C47659AE1F7C50470019E645 /* tweetCell.swift in Sources */ = {isa = PBXBuildFile; fileRef = C47659AD1F7C50470019E645 /* tweetCell.swift */; };
		C493A7DF1F7DA0C200B93A61 /* TweetDetailController.swift in Sources */ = {isa = PBXBuildFile; fileRef = C493A7DE1F7DA0C200B93A61 /* TweetDetailController.swift */; };
		C493A7E11F7DBFA200B93A61 /* ComposeTweetController.swift in Sources */ = {isa = PBXBuildFile; fileRef = C493A7E01F7DBFA200B93A61 /* ComposeTweetController.swift */; };
		C493A7E31F7ED4E500B93A61 /* ImageDetailCell.swift in Sources */ = {isa = PBXBuildFile; fileRef = C493A7E21F7ED4E500B93A61 /* ImageDetailCell.swift */; };
		C493A7E51F7EEC7400B93A61 /* TweetStatsCell.swift in Sources */ = {isa = PBXBuildFile; fileRef = C493A7E41F7EEC7400B93A61 /* TweetStatsCell.swift */; };
		C493A7E71F7F178000B93A61 /* tweetControlsCell.swift in Sources */ = {isa = PBXBuildFile; fileRef = C493A7E61F7F178000B93A61 /* tweetControlsCell.swift */; };
		C4BC93521F7B0A06009B4904 /* AppDelegate.swift in Sources */ = {isa = PBXBuildFile; fileRef = C4BC93511F7B0A06009B4904 /* AppDelegate.swift */; };
		C4BC93571F7B0A06009B4904 /* Main.storyboard in Resources */ = {isa = PBXBuildFile; fileRef = C4BC93551F7B0A06009B4904 /* Main.storyboard */; };
		C4BC93591F7B0A06009B4904 /* Assets.xcassets in Resources */ = {isa = PBXBuildFile; fileRef = C4BC93581F7B0A06009B4904 /* Assets.xcassets */; };
		C4BC935C1F7B0A06009B4904 /* LaunchScreen.storyboard in Resources */ = {isa = PBXBuildFile; fileRef = C4BC935A1F7B0A06009B4904 /* LaunchScreen.storyboard */; };
		C4BC93671F7B0A06009B4904 /* ZirpenTests.swift in Sources */ = {isa = PBXBuildFile; fileRef = C4BC93661F7B0A06009B4904 /* ZirpenTests.swift */; };
		C4BC93721F7B0A06009B4904 /* ZirpenUITests.swift in Sources */ = {isa = PBXBuildFile; fileRef = C4BC93711F7B0A06009B4904 /* ZirpenUITests.swift */; };
		C4BC93811F7B1D32009B4904 /* LoginViewController.swift in Sources */ = {isa = PBXBuildFile; fileRef = C4BC93801F7B1D32009B4904 /* LoginViewController.swift */; };
		C4BC93851F7B2AE8009B4904 /* User.swift in Sources */ = {isa = PBXBuildFile; fileRef = C4BC93841F7B2AE8009B4904 /* User.swift */; };
		C4BC93871F7B2AF1009B4904 /* Tweet.swift in Sources */ = {isa = PBXBuildFile; fileRef = C4BC93861F7B2AF1009B4904 /* Tweet.swift */; };
		C4BC93891F7BFDCC009B4904 /* TwitterClient.swift in Sources */ = {isa = PBXBuildFile; fileRef = C4BC93881F7BFDCC009B4904 /* TwitterClient.swift */; };
		C4BC938B1F7C0AC9009B4904 /* TimelineViewController.swift in Sources */ = {isa = PBXBuildFile; fileRef = C4BC938A1F7C0AC9009B4904 /* TimelineViewController.swift */; };
		EE4D6B35537D9B88818F86F2 /* Pods_Zirpen.framework in Frameworks */ = {isa = PBXBuildFile; fileRef = FCF7EAD64FF6605BD221AFD1 /* Pods_Zirpen.framework */; };
/* End PBXBuildFile section */

/* Begin PBXContainerItemProxy section */
		C4BC93631F7B0A06009B4904 /* PBXContainerItemProxy */ = {
			isa = PBXContainerItemProxy;
			containerPortal = C4BC93461F7B0A06009B4904 /* Project object */;
			proxyType = 1;
			remoteGlobalIDString = C4BC934D1F7B0A06009B4904;
			remoteInfo = Zirpen;
		};
		C4BC936E1F7B0A06009B4904 /* PBXContainerItemProxy */ = {
			isa = PBXContainerItemProxy;
			containerPortal = C4BC93461F7B0A06009B4904 /* Project object */;
			proxyType = 1;
			remoteGlobalIDString = C4BC934D1F7B0A06009B4904;
			remoteInfo = Zirpen;
		};
/* End PBXContainerItemProxy section */

/* Begin PBXFileReference section */
		081191C6668F8A1957502FA6 /* Pods_ZirpenUITests.framework */ = {isa = PBXFileReference; explicitFileType = wrapper.framework; includeInIndex = 0; path = Pods_ZirpenUITests.framework; sourceTree = BUILT_PRODUCTS_DIR; };
		0E0A4BE083A1AA333D4ED8E3 /* Pods-Zirpen.debug.xcconfig */ = {isa = PBXFileReference; includeInIndex = 1; lastKnownFileType = text.xcconfig; name = "Pods-Zirpen.debug.xcconfig"; path = "Pods/Target Support Files/Pods-Zirpen/Pods-Zirpen.debug.xcconfig"; sourceTree = "<group>"; };
		2E6041EF1F871FA900BEFC07 /* HamburgerMenuViewController.swift */ = {isa = PBXFileReference; lastKnownFileType = sourcecode.swift; path = HamburgerMenuViewController.swift; sourceTree = "<group>"; };
		2E6041F11F87211200BEFC07 /* SideMenuViewController.swift */ = {isa = PBXFileReference; lastKnownFileType = sourcecode.swift; path = SideMenuViewController.swift; sourceTree = "<group>"; };
		2E6041F31F87410400BEFC07 /* ProfileViewController.swift */ = {isa = PBXFileReference; lastKnownFileType = sourcecode.swift; path = ProfileViewController.swift; sourceTree = "<group>"; };
		2E6041F51F8741B900BEFC07 /* SideMenuCell.swift */ = {isa = PBXFileReference; lastKnownFileType = sourcecode.swift; path = SideMenuCell.swift; sourceTree = "<group>"; };
		854C293822320DD0097755B3 /* Pods-ZirpenTests.release.xcconfig */ = {isa = PBXFileReference; includeInIndex = 1; lastKnownFileType = text.xcconfig; name = "Pods-ZirpenTests.release.xcconfig"; path = "Pods/Target Support Files/Pods-ZirpenTests/Pods-ZirpenTests.release.xcconfig"; sourceTree = "<group>"; };
		9D038CC5391A3CB64D11854A /* Pods-ZirpenTests.debug.xcconfig */ = {isa = PBXFileReference; includeInIndex = 1; lastKnownFileType = text.xcconfig; name = "Pods-ZirpenTests.debug.xcconfig"; path = "Pods/Target Support Files/Pods-ZirpenTests/Pods-ZirpenTests.debug.xcconfig"; sourceTree = "<group>"; };
		AAA46FA76586832836ABBE95 /* Pods-ZirpenUITests.release.xcconfig */ = {isa = PBXFileReference; includeInIndex = 1; lastKnownFileType = text.xcconfig; name = "Pods-ZirpenUITests.release.xcconfig"; path = "Pods/Target Support Files/Pods-ZirpenUITests/Pods-ZirpenUITests.release.xcconfig"; sourceTree = "<group>"; };
		C40A10C41F805284007BA690 /* Zirpen.entitlements */ = {isa = PBXFileReference; lastKnownFileType = text.plist.entitlements; path = Zirpen.entitlements; sourceTree = "<group>"; };
		C47659AD1F7C50470019E645 /* tweetCell.swift */ = {isa = PBXFileReference; lastKnownFileType = sourcecode.swift; path = tweetCell.swift; sourceTree = "<group>"; };
		C493A7DE1F7DA0C200B93A61 /* TweetDetailController.swift */ = {isa = PBXFileReference; lastKnownFileType = sourcecode.swift; path = TweetDetailController.swift; sourceTree = "<group>"; };
		C493A7E01F7DBFA200B93A61 /* ComposeTweetController.swift */ = {isa = PBXFileReference; lastKnownFileType = sourcecode.swift; path = ComposeTweetController.swift; sourceTree = "<group>"; };
		C493A7E21F7ED4E500B93A61 /* ImageDetailCell.swift */ = {isa = PBXFileReference; lastKnownFileType = sourcecode.swift; path = ImageDetailCell.swift; sourceTree = "<group>"; };
		C493A7E41F7EEC7400B93A61 /* TweetStatsCell.swift */ = {isa = PBXFileReference; lastKnownFileType = sourcecode.swift; path = TweetStatsCell.swift; sourceTree = "<group>"; };
		C493A7E61F7F178000B93A61 /* tweetControlsCell.swift */ = {isa = PBXFileReference; lastKnownFileType = sourcecode.swift; path = tweetControlsCell.swift; sourceTree = "<group>"; };
		C4BC934E1F7B0A06009B4904 /* Zirpen.app */ = {isa = PBXFileReference; explicitFileType = wrapper.application; includeInIndex = 0; path = Zirpen.app; sourceTree = BUILT_PRODUCTS_DIR; };
		C4BC93511F7B0A06009B4904 /* AppDelegate.swift */ = {isa = PBXFileReference; lastKnownFileType = sourcecode.swift; path = AppDelegate.swift; sourceTree = "<group>"; };
		C4BC93561F7B0A06009B4904 /* Base */ = {isa = PBXFileReference; lastKnownFileType = file.storyboard; name = Base; path = Base.lproj/Main.storyboard; sourceTree = "<group>"; };
		C4BC93581F7B0A06009B4904 /* Assets.xcassets */ = {isa = PBXFileReference; lastKnownFileType = folder.assetcatalog; path = Assets.xcassets; sourceTree = "<group>"; };
		C4BC935B1F7B0A06009B4904 /* Base */ = {isa = PBXFileReference; lastKnownFileType = file.storyboard; name = Base; path = Base.lproj/LaunchScreen.storyboard; sourceTree = "<group>"; };
		C4BC935D1F7B0A06009B4904 /* Info.plist */ = {isa = PBXFileReference; lastKnownFileType = text.plist.xml; path = Info.plist; sourceTree = "<group>"; };
		C4BC93621F7B0A06009B4904 /* ZirpenTests.xctest */ = {isa = PBXFileReference; explicitFileType = wrapper.cfbundle; includeInIndex = 0; path = ZirpenTests.xctest; sourceTree = BUILT_PRODUCTS_DIR; };
		C4BC93661F7B0A06009B4904 /* ZirpenTests.swift */ = {isa = PBXFileReference; lastKnownFileType = sourcecode.swift; path = ZirpenTests.swift; sourceTree = "<group>"; };
		C4BC93681F7B0A06009B4904 /* Info.plist */ = {isa = PBXFileReference; lastKnownFileType = text.plist.xml; path = Info.plist; sourceTree = "<group>"; };
		C4BC936D1F7B0A06009B4904 /* ZirpenUITests.xctest */ = {isa = PBXFileReference; explicitFileType = wrapper.cfbundle; includeInIndex = 0; path = ZirpenUITests.xctest; sourceTree = BUILT_PRODUCTS_DIR; };
		C4BC93711F7B0A06009B4904 /* ZirpenUITests.swift */ = {isa = PBXFileReference; lastKnownFileType = sourcecode.swift; path = ZirpenUITests.swift; sourceTree = "<group>"; };
		C4BC93731F7B0A06009B4904 /* Info.plist */ = {isa = PBXFileReference; lastKnownFileType = text.plist.xml; path = Info.plist; sourceTree = "<group>"; };
		C4BC93801F7B1D32009B4904 /* LoginViewController.swift */ = {isa = PBXFileReference; lastKnownFileType = sourcecode.swift; path = LoginViewController.swift; sourceTree = "<group>"; };
		C4BC93841F7B2AE8009B4904 /* User.swift */ = {isa = PBXFileReference; lastKnownFileType = sourcecode.swift; path = User.swift; sourceTree = "<group>"; };
		C4BC93861F7B2AF1009B4904 /* Tweet.swift */ = {isa = PBXFileReference; lastKnownFileType = sourcecode.swift; path = Tweet.swift; sourceTree = "<group>"; };
		C4BC93881F7BFDCC009B4904 /* TwitterClient.swift */ = {isa = PBXFileReference; lastKnownFileType = sourcecode.swift; path = TwitterClient.swift; sourceTree = "<group>"; };
		C4BC938A1F7C0AC9009B4904 /* TimelineViewController.swift */ = {isa = PBXFileReference; lastKnownFileType = sourcecode.swift; path = TimelineViewController.swift; sourceTree = "<group>"; };
		CAF3B98A48BA2889664F15A9 /* Pods_ZirpenTests.framework */ = {isa = PBXFileReference; explicitFileType = wrapper.framework; includeInIndex = 0; path = Pods_ZirpenTests.framework; sourceTree = BUILT_PRODUCTS_DIR; };
		D6C33F32241C323C8D7020D7 /* Pods-ZirpenUITests.debug.xcconfig */ = {isa = PBXFileReference; includeInIndex = 1; lastKnownFileType = text.xcconfig; name = "Pods-ZirpenUITests.debug.xcconfig"; path = "Pods/Target Support Files/Pods-ZirpenUITests/Pods-ZirpenUITests.debug.xcconfig"; sourceTree = "<group>"; };
		E84D54154115ADD1A29C427C /* Pods-Zirpen.release.xcconfig */ = {isa = PBXFileReference; includeInIndex = 1; lastKnownFileType = text.xcconfig; name = "Pods-Zirpen.release.xcconfig"; path = "Pods/Target Support Files/Pods-Zirpen/Pods-Zirpen.release.xcconfig"; sourceTree = "<group>"; };
		FCF7EAD64FF6605BD221AFD1 /* Pods_Zirpen.framework */ = {isa = PBXFileReference; explicitFileType = wrapper.framework; includeInIndex = 0; path = Pods_Zirpen.framework; sourceTree = BUILT_PRODUCTS_DIR; };
/* End PBXFileReference section */

/* Begin PBXFrameworksBuildPhase section */
		C4BC934B1F7B0A06009B4904 /* Frameworks */ = {
			isa = PBXFrameworksBuildPhase;
			buildActionMask = 2147483647;
			files = (
				EE4D6B35537D9B88818F86F2 /* Pods_Zirpen.framework in Frameworks */,
			);
			runOnlyForDeploymentPostprocessing = 0;
		};
		C4BC935F1F7B0A06009B4904 /* Frameworks */ = {
			isa = PBXFrameworksBuildPhase;
			buildActionMask = 2147483647;
			files = (
				09730338B1755273244605A0 /* Pods_ZirpenTests.framework in Frameworks */,
			);
			runOnlyForDeploymentPostprocessing = 0;
		};
		C4BC936A1F7B0A06009B4904 /* Frameworks */ = {
			isa = PBXFrameworksBuildPhase;
			buildActionMask = 2147483647;
			files = (
				9048CBB61EA188B129F9649D /* Pods_ZirpenUITests.framework in Frameworks */,
			);
			runOnlyForDeploymentPostprocessing = 0;
		};
/* End PBXFrameworksBuildPhase section */

/* Begin PBXGroup section */
		3B2F3C8341879241067DC79D /* Frameworks */ = {
			isa = PBXGroup;
			children = (
				FCF7EAD64FF6605BD221AFD1 /* Pods_Zirpen.framework */,
				CAF3B98A48BA2889664F15A9 /* Pods_ZirpenTests.framework */,
				081191C6668F8A1957502FA6 /* Pods_ZirpenUITests.framework */,
			);
			name = Frameworks;
			sourceTree = "<group>";
		};
		C47659AF1F7C504C0019E645 /* Cells */ = {
			isa = PBXGroup;
			children = (
				2E6041F51F8741B900BEFC07 /* SideMenuCell.swift */,
				C493A7E61F7F178000B93A61 /* tweetControlsCell.swift */,
				C493A7E41F7EEC7400B93A61 /* TweetStatsCell.swift */,
				C493A7E21F7ED4E500B93A61 /* ImageDetailCell.swift */,
				C47659AD1F7C50470019E645 /* tweetCell.swift */,
			);
			path = Cells;
			sourceTree = "<group>";
		};
		C4BC93451F7B0A06009B4904 = {
			isa = PBXGroup;
			children = (
				C4BC93501F7B0A06009B4904 /* Zirpen */,
				C4BC93651F7B0A06009B4904 /* ZirpenTests */,
				C4BC93701F7B0A06009B4904 /* ZirpenUITests */,
				C4BC934F1F7B0A06009B4904 /* Products */,
				FBDD1C5CBE688B4C364D0A6C /* Pods */,
				3B2F3C8341879241067DC79D /* Frameworks */,
			);
			sourceTree = "<group>";
		};
		C4BC934F1F7B0A06009B4904 /* Products */ = {
			isa = PBXGroup;
			children = (
				C4BC934E1F7B0A06009B4904 /* Zirpen.app */,
				C4BC93621F7B0A06009B4904 /* ZirpenTests.xctest */,
				C4BC936D1F7B0A06009B4904 /* ZirpenUITests.xctest */,
			);
			name = Products;
			sourceTree = "<group>";
		};
		C4BC93501F7B0A06009B4904 /* Zirpen */ = {
			isa = PBXGroup;
			children = (
				C40A10C41F805284007BA690 /* Zirpen.entitlements */,
				C47659AF1F7C504C0019E645 /* Cells */,
				C4BC93831F7B2AD1009B4904 /* API */,
				C4BC93821F7B2AC7009B4904 /* Models */,
				C4BC937F1F7B1D15009B4904 /* Controllers */,
				C4BC93511F7B0A06009B4904 /* AppDelegate.swift */,
				C4BC93551F7B0A06009B4904 /* Main.storyboard */,
				C4BC93581F7B0A06009B4904 /* Assets.xcassets */,
				C4BC935A1F7B0A06009B4904 /* LaunchScreen.storyboard */,
				C4BC935D1F7B0A06009B4904 /* Info.plist */,
			);
			path = Zirpen;
			sourceTree = "<group>";
		};
		C4BC93651F7B0A06009B4904 /* ZirpenTests */ = {
			isa = PBXGroup;
			children = (
				C4BC93661F7B0A06009B4904 /* ZirpenTests.swift */,
				C4BC93681F7B0A06009B4904 /* Info.plist */,
			);
			path = ZirpenTests;
			sourceTree = "<group>";
		};
		C4BC93701F7B0A06009B4904 /* ZirpenUITests */ = {
			isa = PBXGroup;
			children = (
				C4BC93711F7B0A06009B4904 /* ZirpenUITests.swift */,
				C4BC93731F7B0A06009B4904 /* Info.plist */,
			);
			path = ZirpenUITests;
			sourceTree = "<group>";
		};
		C4BC937F1F7B1D15009B4904 /* Controllers */ = {
			isa = PBXGroup;
			children = (
				2E6041F31F87410400BEFC07 /* ProfileViewController.swift */,
				2E6041F11F87211200BEFC07 /* SideMenuViewController.swift */,
				2E6041EF1F871FA900BEFC07 /* HamburgerMenuViewController.swift */,
				C493A7E01F7DBFA200B93A61 /* ComposeTweetController.swift */,
				C493A7DE1F7DA0C200B93A61 /* TweetDetailController.swift */,
				C4BC93801F7B1D32009B4904 /* LoginViewController.swift */,
				C4BC938A1F7C0AC9009B4904 /* TimelineViewController.swift */,
			);
			path = Controllers;
			sourceTree = "<group>";
		};
		C4BC93821F7B2AC7009B4904 /* Models */ = {
			isa = PBXGroup;
			children = (
				C4BC93841F7B2AE8009B4904 /* User.swift */,
				C4BC93861F7B2AF1009B4904 /* Tweet.swift */,
			);
			path = Models;
			sourceTree = "<group>";
		};
		C4BC93831F7B2AD1009B4904 /* API */ = {
			isa = PBXGroup;
			children = (
				C4BC93881F7BFDCC009B4904 /* TwitterClient.swift */,
			);
			path = API;
			sourceTree = "<group>";
		};
		FBDD1C5CBE688B4C364D0A6C /* Pods */ = {
			isa = PBXGroup;
			children = (
				0E0A4BE083A1AA333D4ED8E3 /* Pods-Zirpen.debug.xcconfig */,
				E84D54154115ADD1A29C427C /* Pods-Zirpen.release.xcconfig */,
				9D038CC5391A3CB64D11854A /* Pods-ZirpenTests.debug.xcconfig */,
				854C293822320DD0097755B3 /* Pods-ZirpenTests.release.xcconfig */,
				D6C33F32241C323C8D7020D7 /* Pods-ZirpenUITests.debug.xcconfig */,
				AAA46FA76586832836ABBE95 /* Pods-ZirpenUITests.release.xcconfig */,
			);
			name = Pods;
			sourceTree = "<group>";
		};
/* End PBXGroup section */

/* Begin PBXNativeTarget section */
		C4BC934D1F7B0A06009B4904 /* Zirpen */ = {
			isa = PBXNativeTarget;
			buildConfigurationList = C4BC93761F7B0A06009B4904 /* Build configuration list for PBXNativeTarget "Zirpen" */;
			buildPhases = (
				5BFD1CA512B1F2520181658C /* [CP] Check Pods Manifest.lock */,
				C4BC934A1F7B0A06009B4904 /* Sources */,
				C4BC934B1F7B0A06009B4904 /* Frameworks */,
				C4BC934C1F7B0A06009B4904 /* Resources */,
				6C4641832F536CDB6F84B7AC /* [CP] Embed Pods Frameworks */,
				5606719DDD3C6990AF5BDC16 /* [CP] Copy Pods Resources */,
			);
			buildRules = (
			);
			dependencies = (
			);
			name = Zirpen;
			productName = Zirpen;
			productReference = C4BC934E1F7B0A06009B4904 /* Zirpen.app */;
			productType = "com.apple.product-type.application";
		};
		C4BC93611F7B0A06009B4904 /* ZirpenTests */ = {
			isa = PBXNativeTarget;
			buildConfigurationList = C4BC93791F7B0A06009B4904 /* Build configuration list for PBXNativeTarget "ZirpenTests" */;
			buildPhases = (
				4FEE2D7445DF409EEA7A32D0 /* [CP] Check Pods Manifest.lock */,
				C4BC935E1F7B0A06009B4904 /* Sources */,
				C4BC935F1F7B0A06009B4904 /* Frameworks */,
				C4BC93601F7B0A06009B4904 /* Resources */,
				51DAF9468A1077CE04DB32D6 /* [CP] Embed Pods Frameworks */,
				E0D33719B1D850406A03D6A2 /* [CP] Copy Pods Resources */,
			);
			buildRules = (
			);
			dependencies = (
				C4BC93641F7B0A06009B4904 /* PBXTargetDependency */,
			);
			name = ZirpenTests;
			productName = ZirpenTests;
			productReference = C4BC93621F7B0A06009B4904 /* ZirpenTests.xctest */;
			productType = "com.apple.product-type.bundle.unit-test";
		};
		C4BC936C1F7B0A06009B4904 /* ZirpenUITests */ = {
			isa = PBXNativeTarget;
			buildConfigurationList = C4BC937C1F7B0A06009B4904 /* Build configuration list for PBXNativeTarget "ZirpenUITests" */;
			buildPhases = (
				3890005036AB4EC79AD9B314 /* [CP] Check Pods Manifest.lock */,
				C4BC93691F7B0A06009B4904 /* Sources */,
				C4BC936A1F7B0A06009B4904 /* Frameworks */,
				C4BC936B1F7B0A06009B4904 /* Resources */,
				9AA2103E7A8E8F62E2CCA5A8 /* [CP] Embed Pods Frameworks */,
				31FB258F1A05304515834914 /* [CP] Copy Pods Resources */,
			);
			buildRules = (
			);
			dependencies = (
				C4BC936F1F7B0A06009B4904 /* PBXTargetDependency */,
			);
			name = ZirpenUITests;
			productName = ZirpenUITests;
			productReference = C4BC936D1F7B0A06009B4904 /* ZirpenUITests.xctest */;
			productType = "com.apple.product-type.bundle.ui-testing";
		};
/* End PBXNativeTarget section */

/* Begin PBXProject section */
		C4BC93461F7B0A06009B4904 /* Project object */ = {
			isa = PBXProject;
			attributes = {
				LastSwiftUpdateCheck = 0900;
				LastUpgradeCheck = 0900;
				ORGANIZATIONNAME = "Oscar Bonilla";
				TargetAttributes = {
					C4BC934D1F7B0A06009B4904 = {
						CreatedOnToolsVersion = 9.0;
						ProvisioningStyle = Automatic;
						SystemCapabilities = {
							com.apple.Keychain = {
								enabled = 1;
							};
						};
					};
					C4BC93611F7B0A06009B4904 = {
						CreatedOnToolsVersion = 9.0;
						ProvisioningStyle = Automatic;
						TestTargetID = C4BC934D1F7B0A06009B4904;
					};
					C4BC936C1F7B0A06009B4904 = {
						CreatedOnToolsVersion = 9.0;
						ProvisioningStyle = Automatic;
						TestTargetID = C4BC934D1F7B0A06009B4904;
					};
				};
			};
			buildConfigurationList = C4BC93491F7B0A06009B4904 /* Build configuration list for PBXProject "Zirpen" */;
			compatibilityVersion = "Xcode 8.0";
			developmentRegion = en;
			hasScannedForEncodings = 0;
			knownRegions = (
				en,
				Base,
			);
			mainGroup = C4BC93451F7B0A06009B4904;
			productRefGroup = C4BC934F1F7B0A06009B4904 /* Products */;
			projectDirPath = "";
			projectRoot = "";
			targets = (
				C4BC934D1F7B0A06009B4904 /* Zirpen */,
				C4BC93611F7B0A06009B4904 /* ZirpenTests */,
				C4BC936C1F7B0A06009B4904 /* ZirpenUITests */,
			);
		};
/* End PBXProject section */

/* Begin PBXResourcesBuildPhase section */
		C4BC934C1F7B0A06009B4904 /* Resources */ = {
			isa = PBXResourcesBuildPhase;
			buildActionMask = 2147483647;
			files = (
				C4BC935C1F7B0A06009B4904 /* LaunchScreen.storyboard in Resources */,
				C4BC93591F7B0A06009B4904 /* Assets.xcassets in Resources */,
				C4BC93571F7B0A06009B4904 /* Main.storyboard in Resources */,
			);
			runOnlyForDeploymentPostprocessing = 0;
		};
		C4BC93601F7B0A06009B4904 /* Resources */ = {
			isa = PBXResourcesBuildPhase;
			buildActionMask = 2147483647;
			files = (
			);
			runOnlyForDeploymentPostprocessing = 0;
		};
		C4BC936B1F7B0A06009B4904 /* Resources */ = {
			isa = PBXResourcesBuildPhase;
			buildActionMask = 2147483647;
			files = (
			);
			runOnlyForDeploymentPostprocessing = 0;
		};
/* End PBXResourcesBuildPhase section */

/* Begin PBXShellScriptBuildPhase section */
		31FB258F1A05304515834914 /* [CP] Copy Pods Resources */ = {
			isa = PBXShellScriptBuildPhase;
			buildActionMask = 2147483647;
			files = (
			);
			inputPaths = (
			);
			name = "[CP] Copy Pods Resources";
			outputPaths = (
			);
			runOnlyForDeploymentPostprocessing = 0;
			shellPath = /bin/sh;
			shellScript = "\"${SRCROOT}/Pods/Target Support Files/Pods-ZirpenUITests/Pods-ZirpenUITests-resources.sh\"\n";
			showEnvVarsInLog = 0;
		};
		3890005036AB4EC79AD9B314 /* [CP] Check Pods Manifest.lock */ = {
			isa = PBXShellScriptBuildPhase;
			buildActionMask = 2147483647;
			files = (
			);
			inputPaths = (
				"${PODS_PODFILE_DIR_PATH}/Podfile.lock",
				"${PODS_ROOT}/Manifest.lock",
			);
			name = "[CP] Check Pods Manifest.lock";
			outputPaths = (
				"$(DERIVED_FILE_DIR)/Pods-ZirpenUITests-checkManifestLockResult.txt",
			);
			runOnlyForDeploymentPostprocessing = 0;
			shellPath = /bin/sh;
			shellScript = "diff \"${PODS_PODFILE_DIR_PATH}/Podfile.lock\" \"${PODS_ROOT}/Manifest.lock\" > /dev/null\nif [ $? != 0 ] ; then\n    # print error to STDERR\n    echo \"error: The sandbox is not in sync with the Podfile.lock. Run 'pod install' or update your CocoaPods installation.\" >&2\n    exit 1\nfi\n# This output is used by Xcode 'outputs' to avoid re-running this script phase.\necho \"SUCCESS\" > \"${SCRIPT_OUTPUT_FILE_0}\"\n";
			showEnvVarsInLog = 0;
		};
		4FEE2D7445DF409EEA7A32D0 /* [CP] Check Pods Manifest.lock */ = {
			isa = PBXShellScriptBuildPhase;
			buildActionMask = 2147483647;
			files = (
			);
			inputPaths = (
				"${PODS_PODFILE_DIR_PATH}/Podfile.lock",
				"${PODS_ROOT}/Manifest.lock",
			);
			name = "[CP] Check Pods Manifest.lock";
			outputPaths = (
				"$(DERIVED_FILE_DIR)/Pods-ZirpenTests-checkManifestLockResult.txt",
			);
			runOnlyForDeploymentPostprocessing = 0;
			shellPath = /bin/sh;
			shellScript = "diff \"${PODS_PODFILE_DIR_PATH}/Podfile.lock\" \"${PODS_ROOT}/Manifest.lock\" > /dev/null\nif [ $? != 0 ] ; then\n    # print error to STDERR\n    echo \"error: The sandbox is not in sync with the Podfile.lock. Run 'pod install' or update your CocoaPods installation.\" >&2\n    exit 1\nfi\n# This output is used by Xcode 'outputs' to avoid re-running this script phase.\necho \"SUCCESS\" > \"${SCRIPT_OUTPUT_FILE_0}\"\n";
			showEnvVarsInLog = 0;
		};
		51DAF9468A1077CE04DB32D6 /* [CP] Embed Pods Frameworks */ = {
			isa = PBXShellScriptBuildPhase;
			buildActionMask = 2147483647;
			files = (
			);
			inputPaths = (
			);
			name = "[CP] Embed Pods Frameworks";
			outputPaths = (
			);
			runOnlyForDeploymentPostprocessing = 0;
			shellPath = /bin/sh;
			shellScript = "\"${SRCROOT}/Pods/Target Support Files/Pods-ZirpenTests/Pods-ZirpenTests-frameworks.sh\"\n";
			showEnvVarsInLog = 0;
		};
		5606719DDD3C6990AF5BDC16 /* [CP] Copy Pods Resources */ = {
			isa = PBXShellScriptBuildPhase;
			buildActionMask = 2147483647;
			files = (
			);
			inputPaths = (
			);
			name = "[CP] Copy Pods Resources";
			outputPaths = (
			);
			runOnlyForDeploymentPostprocessing = 0;
			shellPath = /bin/sh;
			shellScript = "\"${SRCROOT}/Pods/Target Support Files/Pods-Zirpen/Pods-Zirpen-resources.sh\"\n";
			showEnvVarsInLog = 0;
		};
		5BFD1CA512B1F2520181658C /* [CP] Check Pods Manifest.lock */ = {
			isa = PBXShellScriptBuildPhase;
			buildActionMask = 2147483647;
			files = (
			);
			inputPaths = (
				"${PODS_PODFILE_DIR_PATH}/Podfile.lock",
				"${PODS_ROOT}/Manifest.lock",
			);
			name = "[CP] Check Pods Manifest.lock";
			outputPaths = (
				"$(DERIVED_FILE_DIR)/Pods-Zirpen-checkManifestLockResult.txt",
			);
			runOnlyForDeploymentPostprocessing = 0;
			shellPath = /bin/sh;
			shellScript = "diff \"${PODS_PODFILE_DIR_PATH}/Podfile.lock\" \"${PODS_ROOT}/Manifest.lock\" > /dev/null\nif [ $? != 0 ] ; then\n    # print error to STDERR\n    echo \"error: The sandbox is not in sync with the Podfile.lock. Run 'pod install' or update your CocoaPods installation.\" >&2\n    exit 1\nfi\n# This output is used by Xcode 'outputs' to avoid re-running this script phase.\necho \"SUCCESS\" > \"${SCRIPT_OUTPUT_FILE_0}\"\n";
			showEnvVarsInLog = 0;
		};
		6C4641832F536CDB6F84B7AC /* [CP] Embed Pods Frameworks */ = {
			isa = PBXShellScriptBuildPhase;
			buildActionMask = 2147483647;
			files = (
			);
			inputPaths = (
				"${SRCROOT}/Pods/Target Support Files/Pods-Zirpen/Pods-Zirpen-frameworks.sh",
				"${BUILT_PRODUCTS_DIR}/AFNetworking/AFNetworking.framework",
				"${BUILT_PRODUCTS_DIR}/BDBOAuth1Manager/BDBOAuth1Manager.framework",
				"${BUILT_PRODUCTS_DIR}/FXBlurView/FXBlurView.framework",
			);
			name = "[CP] Embed Pods Frameworks";
			outputPaths = (
				"${TARGET_BUILD_DIR}/${FRAMEWORKS_FOLDER_PATH}/AFNetworking.framework",
				"${TARGET_BUILD_DIR}/${FRAMEWORKS_FOLDER_PATH}/BDBOAuth1Manager.framework",
				"${TARGET_BUILD_DIR}/${FRAMEWORKS_FOLDER_PATH}/FXBlurView.framework",
			);
			runOnlyForDeploymentPostprocessing = 0;
			shellPath = /bin/sh;
			shellScript = "\"${SRCROOT}/Pods/Target Support Files/Pods-Zirpen/Pods-Zirpen-frameworks.sh\"\n";
			showEnvVarsInLog = 0;
		};
		9AA2103E7A8E8F62E2CCA5A8 /* [CP] Embed Pods Frameworks */ = {
			isa = PBXShellScriptBuildPhase;
			buildActionMask = 2147483647;
			files = (
			);
			inputPaths = (
			);
			name = "[CP] Embed Pods Frameworks";
			outputPaths = (
			);
			runOnlyForDeploymentPostprocessing = 0;
			shellPath = /bin/sh;
			shellScript = "\"${SRCROOT}/Pods/Target Support Files/Pods-ZirpenUITests/Pods-ZirpenUITests-frameworks.sh\"\n";
			showEnvVarsInLog = 0;
		};
		E0D33719B1D850406A03D6A2 /* [CP] Copy Pods Resources */ = {
			isa = PBXShellScriptBuildPhase;
			buildActionMask = 2147483647;
			files = (
			);
			inputPaths = (
			);
			name = "[CP] Copy Pods Resources";
			outputPaths = (
			);
			runOnlyForDeploymentPostprocessing = 0;
			shellPath = /bin/sh;
			shellScript = "\"${SRCROOT}/Pods/Target Support Files/Pods-ZirpenTests/Pods-ZirpenTests-resources.sh\"\n";
			showEnvVarsInLog = 0;
		};
/* End PBXShellScriptBuildPhase section */

/* Begin PBXSourcesBuildPhase section */
		C4BC934A1F7B0A06009B4904 /* Sources */ = {
			isa = PBXSourcesBuildPhase;
			buildActionMask = 2147483647;
			files = (
				C493A7E31F7ED4E500B93A61 /* ImageDetailCell.swift in Sources */,
				C47659AE1F7C50470019E645 /* tweetCell.swift in Sources */,
				2E6041F01F871FA900BEFC07 /* HamburgerMenuViewController.swift in Sources */,
				C4BC93851F7B2AE8009B4904 /* User.swift in Sources */,
				2E6041F21F87211200BEFC07 /* SideMenuViewController.swift in Sources */,
				C4BC93871F7B2AF1009B4904 /* Tweet.swift in Sources */,
				C493A7E51F7EEC7400B93A61 /* TweetStatsCell.swift in Sources */,
				2E6041F61F8741B900BEFC07 /* SideMenuCell.swift in Sources */,
				C4BC93811F7B1D32009B4904 /* LoginViewController.swift in Sources */,
				C4BC93891F7BFDCC009B4904 /* TwitterClient.swift in Sources */,
				C4BC93521F7B0A06009B4904 /* AppDelegate.swift in Sources */,
				C493A7E11F7DBFA200B93A61 /* ComposeTweetController.swift in Sources */,
				C493A7DF1F7DA0C200B93A61 /* TweetDetailController.swift in Sources */,
				2E6041F41F87410400BEFC07 /* ProfileViewController.swift in Sources */,
				C4BC938B1F7C0AC9009B4904 /* TimelineViewController.swift in Sources */,
				C493A7E71F7F178000B93A61 /* tweetControlsCell.swift in Sources */,
			);
			runOnlyForDeploymentPostprocessing = 0;
		};
		C4BC935E1F7B0A06009B4904 /* Sources */ = {
			isa = PBXSourcesBuildPhase;
			buildActionMask = 2147483647;
			files = (
				C4BC93671F7B0A06009B4904 /* ZirpenTests.swift in Sources */,
			);
			runOnlyForDeploymentPostprocessing = 0;
		};
		C4BC93691F7B0A06009B4904 /* Sources */ = {
			isa = PBXSourcesBuildPhase;
			buildActionMask = 2147483647;
			files = (
				C4BC93721F7B0A06009B4904 /* ZirpenUITests.swift in Sources */,
			);
			runOnlyForDeploymentPostprocessing = 0;
		};
/* End PBXSourcesBuildPhase section */

/* Begin PBXTargetDependency section */
		C4BC93641F7B0A06009B4904 /* PBXTargetDependency */ = {
			isa = PBXTargetDependency;
			target = C4BC934D1F7B0A06009B4904 /* Zirpen */;
			targetProxy = C4BC93631F7B0A06009B4904 /* PBXContainerItemProxy */;
		};
		C4BC936F1F7B0A06009B4904 /* PBXTargetDependency */ = {
			isa = PBXTargetDependency;
			target = C4BC934D1F7B0A06009B4904 /* Zirpen */;
			targetProxy = C4BC936E1F7B0A06009B4904 /* PBXContainerItemProxy */;
		};
/* End PBXTargetDependency section */

/* Begin PBXVariantGroup section */
		C4BC93551F7B0A06009B4904 /* Main.storyboard */ = {
			isa = PBXVariantGroup;
			children = (
				C4BC93561F7B0A06009B4904 /* Base */,
			);
			name = Main.storyboard;
			sourceTree = "<group>";
		};
		C4BC935A1F7B0A06009B4904 /* LaunchScreen.storyboard */ = {
			isa = PBXVariantGroup;
			children = (
				C4BC935B1F7B0A06009B4904 /* Base */,
			);
			name = LaunchScreen.storyboard;
			sourceTree = "<group>";
		};
/* End PBXVariantGroup section */

/* Begin XCBuildConfiguration section */
		C4BC93741F7B0A06009B4904 /* Debug */ = {
			isa = XCBuildConfiguration;
			buildSettings = {
				ALWAYS_SEARCH_USER_PATHS = NO;
				CLANG_ANALYZER_NONNULL = YES;
				CLANG_ANALYZER_NUMBER_OBJECT_CONVERSION = YES_AGGRESSIVE;
				CLANG_CXX_LANGUAGE_STANDARD = "gnu++14";
				CLANG_CXX_LIBRARY = "libc++";
				CLANG_ENABLE_MODULES = YES;
				CLANG_ENABLE_OBJC_ARC = YES;
				CLANG_WARN_BLOCK_CAPTURE_AUTORELEASING = YES;
				CLANG_WARN_BOOL_CONVERSION = YES;
				CLANG_WARN_COMMA = YES;
				CLANG_WARN_CONSTANT_CONVERSION = YES;
				CLANG_WARN_DIRECT_OBJC_ISA_USAGE = YES_ERROR;
				CLANG_WARN_DOCUMENTATION_COMMENTS = YES;
				CLANG_WARN_EMPTY_BODY = YES;
				CLANG_WARN_ENUM_CONVERSION = YES;
				CLANG_WARN_INFINITE_RECURSION = YES;
				CLANG_WARN_INT_CONVERSION = YES;
				CLANG_WARN_NON_LITERAL_NULL_CONVERSION = YES;
				CLANG_WARN_OBJC_LITERAL_CONVERSION = YES;
				CLANG_WARN_OBJC_ROOT_CLASS = YES_ERROR;
				CLANG_WARN_RANGE_LOOP_ANALYSIS = YES;
				CLANG_WARN_STRICT_PROTOTYPES = YES;
				CLANG_WARN_SUSPICIOUS_MOVE = YES;
				CLANG_WARN_UNGUARDED_AVAILABILITY = YES_AGGRESSIVE;
				CLANG_WARN_UNREACHABLE_CODE = YES;
				CLANG_WARN__DUPLICATE_METHOD_MATCH = YES;
				CODE_SIGN_IDENTITY = "iPhone Developer";
				COPY_PHASE_STRIP = NO;
				DEBUG_INFORMATION_FORMAT = dwarf;
				ENABLE_STRICT_OBJC_MSGSEND = YES;
				ENABLE_TESTABILITY = YES;
				GCC_C_LANGUAGE_STANDARD = gnu11;
				GCC_DYNAMIC_NO_PIC = NO;
				GCC_NO_COMMON_BLOCKS = YES;
				GCC_OPTIMIZATION_LEVEL = 0;
				GCC_PREPROCESSOR_DEFINITIONS = (
					"DEBUG=1",
					"$(inherited)",
				);
				GCC_WARN_64_TO_32_BIT_CONVERSION = YES;
				GCC_WARN_ABOUT_RETURN_TYPE = YES_ERROR;
				GCC_WARN_UNDECLARED_SELECTOR = YES;
				GCC_WARN_UNINITIALIZED_AUTOS = YES_AGGRESSIVE;
				GCC_WARN_UNUSED_FUNCTION = YES;
				GCC_WARN_UNUSED_VARIABLE = YES;
				IPHONEOS_DEPLOYMENT_TARGET = 11.0;
				MTL_ENABLE_DEBUG_INFO = YES;
				ONLY_ACTIVE_ARCH = YES;
				SDKROOT = iphoneos;
				SWIFT_ACTIVE_COMPILATION_CONDITIONS = DEBUG;
				SWIFT_OPTIMIZATION_LEVEL = "-Onone";
			};
			name = Debug;
		};
		C4BC93751F7B0A06009B4904 /* Release */ = {
			isa = XCBuildConfiguration;
			buildSettings = {
				ALWAYS_SEARCH_USER_PATHS = NO;
				CLANG_ANALYZER_NONNULL = YES;
				CLANG_ANALYZER_NUMBER_OBJECT_CONVERSION = YES_AGGRESSIVE;
				CLANG_CXX_LANGUAGE_STANDARD = "gnu++14";
				CLANG_CXX_LIBRARY = "libc++";
				CLANG_ENABLE_MODULES = YES;
				CLANG_ENABLE_OBJC_ARC = YES;
				CLANG_WARN_BLOCK_CAPTURE_AUTORELEASING = YES;
				CLANG_WARN_BOOL_CONVERSION = YES;
				CLANG_WARN_COMMA = YES;
				CLANG_WARN_CONSTANT_CONVERSION = YES;
				CLANG_WARN_DIRECT_OBJC_ISA_USAGE = YES_ERROR;
				CLANG_WARN_DOCUMENTATION_COMMENTS = YES;
				CLANG_WARN_EMPTY_BODY = YES;
				CLANG_WARN_ENUM_CONVERSION = YES;
				CLANG_WARN_INFINITE_RECURSION = YES;
				CLANG_WARN_INT_CONVERSION = YES;
				CLANG_WARN_NON_LITERAL_NULL_CONVERSION = YES;
				CLANG_WARN_OBJC_LITERAL_CONVERSION = YES;
				CLANG_WARN_OBJC_ROOT_CLASS = YES_ERROR;
				CLANG_WARN_RANGE_LOOP_ANALYSIS = YES;
				CLANG_WARN_STRICT_PROTOTYPES = YES;
				CLANG_WARN_SUSPICIOUS_MOVE = YES;
				CLANG_WARN_UNGUARDED_AVAILABILITY = YES_AGGRESSIVE;
				CLANG_WARN_UNREACHABLE_CODE = YES;
				CLANG_WARN__DUPLICATE_METHOD_MATCH = YES;
				CODE_SIGN_IDENTITY = "iPhone Developer";
				COPY_PHASE_STRIP = NO;
				DEBUG_INFORMATION_FORMAT = "dwarf-with-dsym";
				ENABLE_NS_ASSERTIONS = NO;
				ENABLE_STRICT_OBJC_MSGSEND = YES;
				GCC_C_LANGUAGE_STANDARD = gnu11;
				GCC_NO_COMMON_BLOCKS = YES;
				GCC_WARN_64_TO_32_BIT_CONVERSION = YES;
				GCC_WARN_ABOUT_RETURN_TYPE = YES_ERROR;
				GCC_WARN_UNDECLARED_SELECTOR = YES;
				GCC_WARN_UNINITIALIZED_AUTOS = YES_AGGRESSIVE;
				GCC_WARN_UNUSED_FUNCTION = YES;
				GCC_WARN_UNUSED_VARIABLE = YES;
				IPHONEOS_DEPLOYMENT_TARGET = 11.0;
				MTL_ENABLE_DEBUG_INFO = NO;
				SDKROOT = iphoneos;
				SWIFT_OPTIMIZATION_LEVEL = "-Owholemodule";
				VALIDATE_PRODUCT = YES;
			};
			name = Release;
		};
		C4BC93771F7B0A06009B4904 /* Debug */ = {
			isa = XCBuildConfiguration;
			baseConfigurationReference = 0E0A4BE083A1AA333D4ED8E3 /* Pods-Zirpen.debug.xcconfig */;
			buildSettings = {
				ASSETCATALOG_COMPILER_APPICON_NAME = AppIcon;
				CODE_SIGN_ENTITLEMENTS = Zirpen/Zirpen.entitlements;
				CODE_SIGN_STYLE = Automatic;
				DEVELOPMENT_TEAM = SA26Z4N7MU;
				INFOPLIST_FILE = Zirpen/Info.plist;
				LD_RUNPATH_SEARCH_PATHS = "$(inherited) @executable_path/Frameworks";
				PRODUCT_BUNDLE_IDENTIFIER = net.bonillas.Zirpen;
				PRODUCT_NAME = "$(TARGET_NAME)";
				SWIFT_VERSION = 4.0;
				TARGETED_DEVICE_FAMILY = "1,2";
			};
			name = Debug;
		};
		C4BC93781F7B0A06009B4904 /* Release */ = {
			isa = XCBuildConfiguration;
			baseConfigurationReference = E84D54154115ADD1A29C427C /* Pods-Zirpen.release.xcconfig */;
			buildSettings = {
				ASSETCATALOG_COMPILER_APPICON_NAME = AppIcon;
				CODE_SIGN_ENTITLEMENTS = Zirpen/Zirpen.entitlements;
				CODE_SIGN_STYLE = Automatic;
				DEVELOPMENT_TEAM = SA26Z4N7MU;
				INFOPLIST_FILE = Zirpen/Info.plist;
				LD_RUNPATH_SEARCH_PATHS = "$(inherited) @executable_path/Frameworks";
				PRODUCT_BUNDLE_IDENTIFIER = net.bonillas.Zirpen;
				PRODUCT_NAME = "$(TARGET_NAME)";
				SWIFT_VERSION = 4.0;
				TARGETED_DEVICE_FAMILY = "1,2";
			};
			name = Release;
		};
		C4BC937A1F7B0A06009B4904 /* Debug */ = {
			isa = XCBuildConfiguration;
			baseConfigurationReference = 9D038CC5391A3CB64D11854A /* Pods-ZirpenTests.debug.xcconfig */;
			buildSettings = {
				ALWAYS_EMBED_SWIFT_STANDARD_LIBRARIES = YES;
				BUNDLE_LOADER = "$(TEST_HOST)";
				CODE_SIGN_STYLE = Automatic;
				DEVELOPMENT_TEAM = SA26Z4N7MU;
				INFOPLIST_FILE = ZirpenTests/Info.plist;
				LD_RUNPATH_SEARCH_PATHS = "$(inherited) @executable_path/Frameworks @loader_path/Frameworks";
				PRODUCT_BUNDLE_IDENTIFIER = net.bonillas.ZirpenTests;
				PRODUCT_NAME = "$(TARGET_NAME)";
				SWIFT_VERSION = 4.0;
				TARGETED_DEVICE_FAMILY = "1,2";
				TEST_HOST = "$(BUILT_PRODUCTS_DIR)/Zirpen.app/Zirpen";
			};
			name = Debug;
		};
		C4BC937B1F7B0A06009B4904 /* Release */ = {
			isa = XCBuildConfiguration;
			baseConfigurationReference = 854C293822320DD0097755B3 /* Pods-ZirpenTests.release.xcconfig */;
			buildSettings = {
				ALWAYS_EMBED_SWIFT_STANDARD_LIBRARIES = YES;
				BUNDLE_LOADER = "$(TEST_HOST)";
				CODE_SIGN_STYLE = Automatic;
				DEVELOPMENT_TEAM = SA26Z4N7MU;
				INFOPLIST_FILE = ZirpenTests/Info.plist;
				LD_RUNPATH_SEARCH_PATHS = "$(inherited) @executable_path/Frameworks @loader_path/Frameworks";
				PRODUCT_BUNDLE_IDENTIFIER = net.bonillas.ZirpenTests;
				PRODUCT_NAME = "$(TARGET_NAME)";
				SWIFT_VERSION = 4.0;
				TARGETED_DEVICE_FAMILY = "1,2";
				TEST_HOST = "$(BUILT_PRODUCTS_DIR)/Zirpen.app/Zirpen";
			};
			name = Release;
		};
		C4BC937D1F7B0A06009B4904 /* Debug */ = {
			isa = XCBuildConfiguration;
			baseConfigurationReference = D6C33F32241C323C8D7020D7 /* Pods-ZirpenUITests.debug.xcconfig */;
			buildSettings = {
				ALWAYS_EMBED_SWIFT_STANDARD_LIBRARIES = YES;
				CODE_SIGN_STYLE = Automatic;
				DEVELOPMENT_TEAM = SA26Z4N7MU;
				INFOPLIST_FILE = ZirpenUITests/Info.plist;
				LD_RUNPATH_SEARCH_PATHS = "$(inherited) @executable_path/Frameworks @loader_path/Frameworks";
				PRODUCT_BUNDLE_IDENTIFIER = net.bonillas.ZirpenUITests;
				PRODUCT_NAME = "$(TARGET_NAME)";
				SWIFT_VERSION = 4.0;
				TARGETED_DEVICE_FAMILY = "1,2";
				TEST_TARGET_NAME = Zirpen;
			};
			name = Debug;
		};
		C4BC937E1F7B0A06009B4904 /* Release */ = {
			isa = XCBuildConfiguration;
			baseConfigurationReference = AAA46FA76586832836ABBE95 /* Pods-ZirpenUITests.release.xcconfig */;
			buildSettings = {
				ALWAYS_EMBED_SWIFT_STANDARD_LIBRARIES = YES;
				CODE_SIGN_STYLE = Automatic;
				DEVELOPMENT_TEAM = SA26Z4N7MU;
				INFOPLIST_FILE = ZirpenUITests/Info.plist;
				LD_RUNPATH_SEARCH_PATHS = "$(inherited) @executable_path/Frameworks @loader_path/Frameworks";
				PRODUCT_BUNDLE_IDENTIFIER = net.bonillas.ZirpenUITests;
				PRODUCT_NAME = "$(TARGET_NAME)";
				SWIFT_VERSION = 4.0;
				TARGETED_DEVICE_FAMILY = "1,2";
				TEST_TARGET_NAME = Zirpen;
			};
			name = Release;
		};
/* End XCBuildConfiguration section */

/* Begin XCConfigurationList section */
		C4BC93491F7B0A06009B4904 /* Build configuration list for PBXProject "Zirpen" */ = {
			isa = XCConfigurationList;
			buildConfigurations = (
				C4BC93741F7B0A06009B4904 /* Debug */,
				C4BC93751F7B0A06009B4904 /* Release */,
			);
			defaultConfigurationIsVisible = 0;
			defaultConfigurationName = Release;
		};
		C4BC93761F7B0A06009B4904 /* Build configuration list for PBXNativeTarget "Zirpen" */ = {
			isa = XCConfigurationList;
			buildConfigurations = (
				C4BC93771F7B0A06009B4904 /* Debug */,
				C4BC93781F7B0A06009B4904 /* Release */,
			);
			defaultConfigurationIsVisible = 0;
			defaultConfigurationName = Release;
		};
		C4BC93791F7B0A06009B4904 /* Build configuration list for PBXNativeTarget "ZirpenTests" */ = {
			isa = XCConfigurationList;
			buildConfigurations = (
				C4BC937A1F7B0A06009B4904 /* Debug */,
				C4BC937B1F7B0A06009B4904 /* Release */,
			);
			defaultConfigurationIsVisible = 0;
			defaultConfigurationName = Release;
		};
		C4BC937C1F7B0A06009B4904 /* Build configuration list for PBXNativeTarget "ZirpenUITests" */ = {
			isa = XCConfigurationList;
			buildConfigurations = (
				C4BC937D1F7B0A06009B4904 /* Debug */,
				C4BC937E1F7B0A06009B4904 /* Release */,
			);
			defaultConfigurationIsVisible = 0;
			defaultConfigurationName = Release;
		};
/* End XCConfigurationList section */
	};
	rootObject = C4BC93461F7B0A06009B4904 /* Project object */;
}
